
Microsoft Visual Studio Solution File, Format Version 12.00
# Visual Studio Version 17
VisualStudioVersion = 17.2.32314.265
MinimumVisualStudioVersion = 10.0.40219.1
Project("{9A19103F-16F7-4668-BE54-9A1E7A4F7556}") = "PhotoManager", "PhotoManager\PhotoManager.csproj", "{95C892B4-3768-42C7-A201-A7A01E20D80B}"
EndProject
Project("{2150E333-8FDC-42A3-9474-1A3956D46DE8}") = "Solution Items", "Solution Items", "{ED862CD7-7A1E-4952-8E70-FD3A83028E6F}"
	ProjectSection(SolutionItems) = preProject
		.editorconfig = .editorconfig
	EndProjectSection
EndProject
Global
	GlobalSection(SolutionConfigurationPlatforms) = preSolution
		Debug|Any CPU = Debug|Any CPU
		Release|Any CPU = Release|Any CPU
	EndGlobalSection
	GlobalSection(ProjectConfigurationPlatforms) = postSolution
		{95C892B4-3768-42C7-A201-A7A01E20D80B}.Debug|Any CPU.ActiveCfg = Debug|Any CPU
		{95C892B4-3768-42C7-A201-A7A01E20D80B}.Debug|Any CPU.Build.0 = Debug|Any CPU
		{95C892B4-3768-42C7-A201-A7A01E20D80B}.Release|Any CPU.ActiveCfg = Release|Any CPU
		{95C892B4-3768-42C7-A201-A7A01E20D80B}.Release|Any CPU.Build.0 = Release|Any CPU
	EndGlobalSection
	GlobalSection(SolutionProperties) = preSolution
		HideSolutionNode = FALSE
	EndGlobalSection
	GlobalSection(ExtensibilityGlobals) = postSolution
		SolutionGuid = {5531C858-2259-4762-B263-12FDD6BC915E}
	EndGlobalSection
EndGlobal
